
Microsoft Visual Studio Solution File, Format Version 12.00
# Visual Studio Version 16
VisualStudioVersion = 16.0.30717.126
MinimumVisualStudioVersion = 10.0.40219.1
Project("{9A19103F-16F7-4668-BE54-9A1E7A4F7556}") = "RadishV2.Server", "RadishV2\Server\RadishV2.Server.csproj", "{991B7034-BBB4-4AEC-9C56-26C2FD245CF8}"
EndProject
Project("{9A19103F-16F7-4668-BE54-9A1E7A4F7556}") = "RadishV2.Client", "RadishV2\Client\RadishV2.Client.csproj", "{B130C02D-E7D2-4D53-A565-A00E2F0E11BF}"
EndProject
Project("{9A19103F-16F7-4668-BE54-9A1E7A4F7556}") = "RadishV2.Shared", "RadishV2\Shared\RadishV2.Shared.csproj", "{A5833942-8D54-44AA-A573-DC1D300B694C}"
EndProject
Project("{9A19103F-16F7-4668-BE54-9A1E7A4F7556}") = "RadishV2.Server.Application", "RadishV2.Server.Application\RadishV2.Server.Application.csproj", "{E352FCD8-5D9C-44CF-B90F-E6657E00B627}"
EndProject
Global
	GlobalSection(SolutionConfigurationPlatforms) = preSolution
		Debug|Any CPU = Debug|Any CPU
		Release|Any CPU = Release|Any CPU
	EndGlobalSection
	GlobalSection(ProjectConfigurationPlatforms) = postSolution
		{991B7034-BBB4-4AEC-9C56-26C2FD245CF8}.Debug|Any CPU.ActiveCfg = Debug|Any CPU
		{991B7034-BBB4-4AEC-9C56-26C2FD245CF8}.Debug|Any CPU.Build.0 = Debug|Any CPU
		{991B7034-BBB4-4AEC-9C56-26C2FD245CF8}.Release|Any CPU.ActiveCfg = Release|Any CPU
		{991B7034-BBB4-4AEC-9C56-26C2FD245CF8}.Release|Any CPU.Build.0 = Release|Any CPU
		{B130C02D-E7D2-4D53-A565-A00E2F0E11BF}.Debug|Any CPU.ActiveCfg = Debug|Any CPU
		{B130C02D-E7D2-4D53-A565-A00E2F0E11BF}.Debug|Any CPU.Build.0 = Debug|Any CPU
		{B130C02D-E7D2-4D53-A565-A00E2F0E11BF}.Release|Any CPU.ActiveCfg = Release|Any CPU
		{B130C02D-E7D2-4D53-A565-A00E2F0E11BF}.Release|Any CPU.Build.0 = Release|Any CPU
		{A5833942-8D54-44AA-A573-DC1D300B694C}.Debug|Any CPU.ActiveCfg = Debug|Any CPU
		{A5833942-8D54-44AA-A573-DC1D300B694C}.Debug|Any CPU.Build.0 = Debug|Any CPU
		{A5833942-8D54-44AA-A573-DC1D300B694C}.Release|Any CPU.ActiveCfg = Release|Any CPU
		{A5833942-8D54-44AA-A573-DC1D300B694C}.Release|Any CPU.Build.0 = Release|Any CPU
		{E352FCD8-5D9C-44CF-B90F-E6657E00B627}.Debug|Any CPU.ActiveCfg = Debug|Any CPU
		{E352FCD8-5D9C-44CF-B90F-E6657E00B627}.Debug|Any CPU.Build.0 = Debug|Any CPU
		{E352FCD8-5D9C-44CF-B90F-E6657E00B627}.Release|Any CPU.ActiveCfg = Release|Any CPU
		{E352FCD8-5D9C-44CF-B90F-E6657E00B627}.Release|Any CPU.Build.0 = Release|Any CPU
	EndGlobalSection
	GlobalSection(SolutionProperties) = preSolution
		HideSolutionNode = FALSE
	EndGlobalSection
	GlobalSection(ExtensibilityGlobals) = postSolution
		SolutionGuid = {B43B606B-E6E6-47FB-B577-14F8E144CD51}
	EndGlobalSection
EndGlobal
